
Microsoft Visual Studio Solution File, Format Version 12.00
# Visual Studio Version 17
VisualStudioVersion = 17.7.33808.371
MinimumVisualStudioVersion = 10.0.40219.1
Project("{9A19103F-16F7-4668-BE54-9A1E7A4F7556}") = "TagzApp.Web", "TagzApp.Web\TagzApp.Web.csproj", "{3549FBCD-2FB2-422F-A857-0FDEE2D75DF1}"
EndProject
Project("{9A19103F-16F7-4668-BE54-9A1E7A4F7556}") = "TagzApp.Common", "TagzApp.Common\TagzApp.Common.csproj", "{90CDC906-A7E9-486F-96AD-CB44B0E8F15A}"
EndProject
Project("{2150E333-8FDC-42A3-9474-1A3956D46DE8}") = "Z. Test", "Z. Test", "{12511540-4D0B-451D-81B0-2FB2C8C5975F}"
EndProject
Project("{2150E333-8FDC-42A3-9474-1A3956D46DE8}") = "1. Source", "1. Source", "{370455D5-6EA6-44C1-B315-B621F7B6A954}"
EndProject
Project("{2150E333-8FDC-42A3-9474-1A3956D46DE8}") = "0. Solution Items", "0. Solution Items", "{46C12C9F-0B21-430A-A8F1-55736D61CEF5}"
	ProjectSection(SolutionItems) = preProject
		.editorconfig = .editorconfig
		..\CODE_OF_CONDUCT.md = ..\CODE_OF_CONDUCT.md
		..\CONTRIBUTING.md = ..\CONTRIBUTING.md
		Directory.Build.props = Directory.Build.props
		..\LICENSE = ..\LICENSE
		..\README.md = ..\README.md
	EndProjectSection
EndProject
Project("{9A19103F-16F7-4668-BE54-9A1E7A4F7556}") = "TagzApp.UnitTest", "TagzApp.UnitTest\TagzApp.UnitTest.csproj", "{0BE17D5A-6ED0-451D-9753-2C23887B508D}"
EndProject
Project("{9A19103F-16F7-4668-BE54-9A1E7A4F7556}") = "TagzApp.WebTest", "TagzApp.WebTest\TagzApp.WebTest.csproj", "{18E485F4-F735-4665-96E0-E4E993F8AA88}"
EndProject
Project("{9A19103F-16F7-4668-BE54-9A1E7A4F7556}") = "TagzApp.Providers.Mastodon", "TagzApp.Providers.Mastodon\TagzApp.Providers.Mastodon.csproj", "{CEA20BDE-380F-47C3-938E-F959CBF33233}"
EndProject
Project("{9A19103F-16F7-4668-BE54-9A1E7A4F7556}") = "TagzApp.Providers.Youtube", "TagzApp.Providers.Youtube\TagzApp.Providers.Youtube.csproj", "{3A082F6E-1EE8-4D59-9FAC-70874EB482D5}"
EndProject
Project("{2150E333-8FDC-42A3-9474-1A3956D46DE8}") = "2. Providers", "2. Providers", "{99E0BB3F-9591-4C7A-A8EE-C54B0C3DE7A5}"
EndProject
Project("{9A19103F-16F7-4668-BE54-9A1E7A4F7556}") = "TagzApp.Communication", "TagzApp.Communication\TagzApp.Communication.csproj", "{F4257494-6B73-4052-B34E-8212CDFA3E37}"
EndProject
Project("{9A19103F-16F7-4668-BE54-9A1E7A4F7556}") = "TagzApp.Providers.Twitter", "TagzApp.Providers.Twitter\TagzApp.Providers.Twitter.csproj", "{65459852-E2D6-47B9-911F-D3E09BD12816}"
EndProject
Project("{9A19103F-16F7-4668-BE54-9A1E7A4F7556}") = "TagzApp.Providers.TwitchChat", "TagzApp.Providers.TwitchChat\TagzApp.Providers.TwitchChat.csproj", "{8D0F679C-307A-4861-8B78-E7BCF95A5750}"
EndProject
Project("{9A19103F-16F7-4668-BE54-9A1E7A4F7556}") = "TagzApp.Providers.Blazot", "TagzApp.Providers.Blazot\TagzApp.Providers.Blazot.csproj", "{B19CCF63-B77D-4FF0-9F90-D7AB65423748}"
EndProject
Project("{9A19103F-16F7-4668-BE54-9A1E7A4F7556}") = "TagzApp.Storage.Postgres", "TagzApp.Storage.Postgres\TagzApp.Storage.Postgres.csproj", "{95D763E5-52F5-4155-A888-C66A686BA6EB}"
EndProject
Project("{9A19103F-16F7-4668-BE54-9A1E7A4F7556}") = "TagzApp.Storage.Postgres.Security", "TagzApp.Storage.Postgres.Security\TagzApp.Storage.Postgres.Security.csproj", "{F0F32FC9-C435-4B1D-BB21-61B93633E307}"
EndProject
Project("{9A19103F-16F7-4668-BE54-9A1E7A4F7556}") = "TagzApp.Providers.YouTubeChat", "TagzApp.Providers.YouTubeChat\TagzApp.Providers.YouTubeChat.csproj", "{3562DD07-36C6-4729-A0B7-5DD119AEC7CD}"
EndProject
Project("{9A19103F-16F7-4668-BE54-9A1E7A4F7556}") = "TagzApp.Providers.AzureQueue", "TagzApp.Providers.AzureQueue\TagzApp.Providers.AzureQueue.csproj", "{F1503058-9A18-4EB2-A009-9311655707DF}"
EndProject
Project("{9A19103F-16F7-4668-BE54-9A1E7A4F7556}") = "TagzApp.Security", "TagzApp.Security\TagzApp.Security.csproj", "{E813E89D-E12C-4089-8D8A-CFA98F17BF2A}"
EndProject
Project("{9A19103F-16F7-4668-BE54-9A1E7A4F7556}") = "TagzApp.Storage.Sqlite.Security", "TagzApp.Storage.Sqlite.Security\TagzApp.Storage.Sqlite.Security.csproj", "{C438F16F-2645-4E6B-A021-F76D14B7D81A}"
EndProject
Project("{9A19103F-16F7-4668-BE54-9A1E7A4F7556}") = "TagzApp.Blazor", "TagzApp.Blazor\TagzApp.Blazor.csproj", "{A0F53761-DF0A-4D21-859C-7B7846E2B814}"
EndProject
Project("{9A19103F-16F7-4668-BE54-9A1E7A4F7556}") = "TagzApp.Blazor.Client", "TagzApp.Blazor.Client\TagzApp.Blazor.Client.csproj", "{020BCD01-A0FA-4A0C-A0EF-3908298D9CF6}"
EndProject
Project("{9A19103F-16F7-4668-BE54-9A1E7A4F7556}") = "TagzApp.ViewModels", "TagzApp.ViewModels\TagzApp.ViewModels.csproj", "{D135C491-2B45-49A1-B7CD-B41141475C7C}"
EndProject
Project("{9A19103F-16F7-4668-BE54-9A1E7A4F7556}") = "TagzApp.Components", "TagzApp.Components\TagzApp.Components.csproj", "{6751D128-B522-4C1A-9B37-5271C0E6C263}"
EndProject
Global
	GlobalSection(SolutionConfigurationPlatforms) = preSolution
		Debug|Any CPU = Debug|Any CPU
		Release|Any CPU = Release|Any CPU
	EndGlobalSection
	GlobalSection(ProjectConfigurationPlatforms) = postSolution
		{3549FBCD-2FB2-422F-A857-0FDEE2D75DF1}.Debug|Any CPU.ActiveCfg = Debug|Any CPU
		{3549FBCD-2FB2-422F-A857-0FDEE2D75DF1}.Debug|Any CPU.Build.0 = Debug|Any CPU
		{3549FBCD-2FB2-422F-A857-0FDEE2D75DF1}.Release|Any CPU.ActiveCfg = Release|Any CPU
		{3549FBCD-2FB2-422F-A857-0FDEE2D75DF1}.Release|Any CPU.Build.0 = Release|Any CPU
		{90CDC906-A7E9-486F-96AD-CB44B0E8F15A}.Debug|Any CPU.ActiveCfg = Debug|Any CPU
		{90CDC906-A7E9-486F-96AD-CB44B0E8F15A}.Debug|Any CPU.Build.0 = Debug|Any CPU
		{90CDC906-A7E9-486F-96AD-CB44B0E8F15A}.Release|Any CPU.ActiveCfg = Release|Any CPU
		{90CDC906-A7E9-486F-96AD-CB44B0E8F15A}.Release|Any CPU.Build.0 = Release|Any CPU
		{0BE17D5A-6ED0-451D-9753-2C23887B508D}.Debug|Any CPU.ActiveCfg = Debug|Any CPU
		{0BE17D5A-6ED0-451D-9753-2C23887B508D}.Debug|Any CPU.Build.0 = Debug|Any CPU
		{0BE17D5A-6ED0-451D-9753-2C23887B508D}.Release|Any CPU.ActiveCfg = Release|Any CPU
		{0BE17D5A-6ED0-451D-9753-2C23887B508D}.Release|Any CPU.Build.0 = Release|Any CPU
		{18E485F4-F735-4665-96E0-E4E993F8AA88}.Debug|Any CPU.ActiveCfg = Debug|Any CPU
		{18E485F4-F735-4665-96E0-E4E993F8AA88}.Debug|Any CPU.Build.0 = Debug|Any CPU
		{18E485F4-F735-4665-96E0-E4E993F8AA88}.Release|Any CPU.ActiveCfg = Release|Any CPU
		{18E485F4-F735-4665-96E0-E4E993F8AA88}.Release|Any CPU.Build.0 = Release|Any CPU
		{CEA20BDE-380F-47C3-938E-F959CBF33233}.Debug|Any CPU.ActiveCfg = Debug|Any CPU
		{CEA20BDE-380F-47C3-938E-F959CBF33233}.Debug|Any CPU.Build.0 = Debug|Any CPU
		{CEA20BDE-380F-47C3-938E-F959CBF33233}.Release|Any CPU.ActiveCfg = Release|Any CPU
		{CEA20BDE-380F-47C3-938E-F959CBF33233}.Release|Any CPU.Build.0 = Release|Any CPU
		{3A082F6E-1EE8-4D59-9FAC-70874EB482D5}.Debug|Any CPU.ActiveCfg = Debug|Any CPU
		{3A082F6E-1EE8-4D59-9FAC-70874EB482D5}.Debug|Any CPU.Build.0 = Debug|Any CPU
		{3A082F6E-1EE8-4D59-9FAC-70874EB482D5}.Release|Any CPU.ActiveCfg = Release|Any CPU
		{3A082F6E-1EE8-4D59-9FAC-70874EB482D5}.Release|Any CPU.Build.0 = Release|Any CPU
		{F4257494-6B73-4052-B34E-8212CDFA3E37}.Debug|Any CPU.ActiveCfg = Debug|Any CPU
		{F4257494-6B73-4052-B34E-8212CDFA3E37}.Debug|Any CPU.Build.0 = Debug|Any CPU
		{F4257494-6B73-4052-B34E-8212CDFA3E37}.Release|Any CPU.ActiveCfg = Release|Any CPU
		{F4257494-6B73-4052-B34E-8212CDFA3E37}.Release|Any CPU.Build.0 = Release|Any CPU
		{65459852-E2D6-47B9-911F-D3E09BD12816}.Debug|Any CPU.ActiveCfg = Debug|Any CPU
		{65459852-E2D6-47B9-911F-D3E09BD12816}.Debug|Any CPU.Build.0 = Debug|Any CPU
		{65459852-E2D6-47B9-911F-D3E09BD12816}.Release|Any CPU.ActiveCfg = Release|Any CPU
		{65459852-E2D6-47B9-911F-D3E09BD12816}.Release|Any CPU.Build.0 = Release|Any CPU
		{8D0F679C-307A-4861-8B78-E7BCF95A5750}.Debug|Any CPU.ActiveCfg = Debug|Any CPU
		{8D0F679C-307A-4861-8B78-E7BCF95A5750}.Debug|Any CPU.Build.0 = Debug|Any CPU
		{8D0F679C-307A-4861-8B78-E7BCF95A5750}.Release|Any CPU.ActiveCfg = Release|Any CPU
		{8D0F679C-307A-4861-8B78-E7BCF95A5750}.Release|Any CPU.Build.0 = Release|Any CPU
		{B19CCF63-B77D-4FF0-9F90-D7AB65423748}.Debug|Any CPU.ActiveCfg = Debug|Any CPU
		{B19CCF63-B77D-4FF0-9F90-D7AB65423748}.Debug|Any CPU.Build.0 = Debug|Any CPU
		{B19CCF63-B77D-4FF0-9F90-D7AB65423748}.Release|Any CPU.ActiveCfg = Release|Any CPU
		{B19CCF63-B77D-4FF0-9F90-D7AB65423748}.Release|Any CPU.Build.0 = Release|Any CPU
		{95D763E5-52F5-4155-A888-C66A686BA6EB}.Debug|Any CPU.ActiveCfg = Debug|Any CPU
		{95D763E5-52F5-4155-A888-C66A686BA6EB}.Debug|Any CPU.Build.0 = Debug|Any CPU
		{95D763E5-52F5-4155-A888-C66A686BA6EB}.Release|Any CPU.ActiveCfg = Release|Any CPU
		{95D763E5-52F5-4155-A888-C66A686BA6EB}.Release|Any CPU.Build.0 = Release|Any CPU
		{F0F32FC9-C435-4B1D-BB21-61B93633E307}.Debug|Any CPU.ActiveCfg = Debug|Any CPU
		{F0F32FC9-C435-4B1D-BB21-61B93633E307}.Debug|Any CPU.Build.0 = Debug|Any CPU
		{F0F32FC9-C435-4B1D-BB21-61B93633E307}.Release|Any CPU.ActiveCfg = Release|Any CPU
		{F0F32FC9-C435-4B1D-BB21-61B93633E307}.Release|Any CPU.Build.0 = Release|Any CPU
		{3562DD07-36C6-4729-A0B7-5DD119AEC7CD}.Debug|Any CPU.ActiveCfg = Debug|Any CPU
		{3562DD07-36C6-4729-A0B7-5DD119AEC7CD}.Debug|Any CPU.Build.0 = Debug|Any CPU
		{3562DD07-36C6-4729-A0B7-5DD119AEC7CD}.Release|Any CPU.ActiveCfg = Release|Any CPU
		{3562DD07-36C6-4729-A0B7-5DD119AEC7CD}.Release|Any CPU.Build.0 = Release|Any CPU
		{F1503058-9A18-4EB2-A009-9311655707DF}.Debug|Any CPU.ActiveCfg = Debug|Any CPU
		{F1503058-9A18-4EB2-A009-9311655707DF}.Debug|Any CPU.Build.0 = Debug|Any CPU
		{F1503058-9A18-4EB2-A009-9311655707DF}.Release|Any CPU.ActiveCfg = Release|Any CPU
		{F1503058-9A18-4EB2-A009-9311655707DF}.Release|Any CPU.Build.0 = Release|Any CPU
		{E813E89D-E12C-4089-8D8A-CFA98F17BF2A}.Debug|Any CPU.ActiveCfg = Debug|Any CPU
		{E813E89D-E12C-4089-8D8A-CFA98F17BF2A}.Debug|Any CPU.Build.0 = Debug|Any CPU
		{E813E89D-E12C-4089-8D8A-CFA98F17BF2A}.Release|Any CPU.ActiveCfg = Release|Any CPU
		{E813E89D-E12C-4089-8D8A-CFA98F17BF2A}.Release|Any CPU.Build.0 = Release|Any CPU
		{C438F16F-2645-4E6B-A021-F76D14B7D81A}.Debug|Any CPU.ActiveCfg = Debug|Any CPU
		{C438F16F-2645-4E6B-A021-F76D14B7D81A}.Debug|Any CPU.Build.0 = Debug|Any CPU
		{C438F16F-2645-4E6B-A021-F76D14B7D81A}.Release|Any CPU.ActiveCfg = Release|Any CPU
		{C438F16F-2645-4E6B-A021-F76D14B7D81A}.Release|Any CPU.Build.0 = Release|Any CPU
		{A0F53761-DF0A-4D21-859C-7B7846E2B814}.Debug|Any CPU.ActiveCfg = Debug|Any CPU
		{A0F53761-DF0A-4D21-859C-7B7846E2B814}.Debug|Any CPU.Build.0 = Debug|Any CPU
		{A0F53761-DF0A-4D21-859C-7B7846E2B814}.Release|Any CPU.ActiveCfg = Release|Any CPU
		{A0F53761-DF0A-4D21-859C-7B7846E2B814}.Release|Any CPU.Build.0 = Release|Any CPU
		{020BCD01-A0FA-4A0C-A0EF-3908298D9CF6}.Debug|Any CPU.ActiveCfg = Debug|Any CPU
		{020BCD01-A0FA-4A0C-A0EF-3908298D9CF6}.Debug|Any CPU.Build.0 = Debug|Any CPU
		{020BCD01-A0FA-4A0C-A0EF-3908298D9CF6}.Release|Any CPU.ActiveCfg = Release|Any CPU
		{020BCD01-A0FA-4A0C-A0EF-3908298D9CF6}.Release|Any CPU.Build.0 = Release|Any CPU
		{D135C491-2B45-49A1-B7CD-B41141475C7C}.Debug|Any CPU.ActiveCfg = Debug|Any CPU
		{D135C491-2B45-49A1-B7CD-B41141475C7C}.Debug|Any CPU.Build.0 = Debug|Any CPU
		{D135C491-2B45-49A1-B7CD-B41141475C7C}.Release|Any CPU.ActiveCfg = Release|Any CPU
		{D135C491-2B45-49A1-B7CD-B41141475C7C}.Release|Any CPU.Build.0 = Release|Any CPU
		{6751D128-B522-4C1A-9B37-5271C0E6C263}.Debug|Any CPU.ActiveCfg = Debug|Any CPU
		{6751D128-B522-4C1A-9B37-5271C0E6C263}.Debug|Any CPU.Build.0 = Debug|Any CPU
		{6751D128-B522-4C1A-9B37-5271C0E6C263}.Release|Any CPU.ActiveCfg = Release|Any CPU
		{6751D128-B522-4C1A-9B37-5271C0E6C263}.Release|Any CPU.Build.0 = Release|Any CPU
	EndGlobalSection
	GlobalSection(SolutionProperties) = preSolution
		HideSolutionNode = FALSE
	EndGlobalSection
	GlobalSection(NestedProjects) = preSolution
		{3549FBCD-2FB2-422F-A857-0FDEE2D75DF1} = {370455D5-6EA6-44C1-B315-B621F7B6A954}
		{90CDC906-A7E9-486F-96AD-CB44B0E8F15A} = {370455D5-6EA6-44C1-B315-B621F7B6A954}
		{0BE17D5A-6ED0-451D-9753-2C23887B508D} = {12511540-4D0B-451D-81B0-2FB2C8C5975F}
		{18E485F4-F735-4665-96E0-E4E993F8AA88} = {12511540-4D0B-451D-81B0-2FB2C8C5975F}
		{CEA20BDE-380F-47C3-938E-F959CBF33233} = {99E0BB3F-9591-4C7A-A8EE-C54B0C3DE7A5}
		{3A082F6E-1EE8-4D59-9FAC-70874EB482D5} = {99E0BB3F-9591-4C7A-A8EE-C54B0C3DE7A5}
		{F4257494-6B73-4052-B34E-8212CDFA3E37} = {370455D5-6EA6-44C1-B315-B621F7B6A954}
		{65459852-E2D6-47B9-911F-D3E09BD12816} = {99E0BB3F-9591-4C7A-A8EE-C54B0C3DE7A5}
		{8D0F679C-307A-4861-8B78-E7BCF95A5750} = {99E0BB3F-9591-4C7A-A8EE-C54B0C3DE7A5}
		{B19CCF63-B77D-4FF0-9F90-D7AB65423748} = {99E0BB3F-9591-4C7A-A8EE-C54B0C3DE7A5}
		{95D763E5-52F5-4155-A888-C66A686BA6EB} = {370455D5-6EA6-44C1-B315-B621F7B6A954}
		{F0F32FC9-C435-4B1D-BB21-61B93633E307} = {370455D5-6EA6-44C1-B315-B621F7B6A954}
		{3562DD07-36C6-4729-A0B7-5DD119AEC7CD} = {99E0BB3F-9591-4C7A-A8EE-C54B0C3DE7A5}
		{F1503058-9A18-4EB2-A009-9311655707DF} = {99E0BB3F-9591-4C7A-A8EE-C54B0C3DE7A5}
		{E813E89D-E12C-4089-8D8A-CFA98F17BF2A} = {370455D5-6EA6-44C1-B315-B621F7B6A954}
		{C438F16F-2645-4E6B-A021-F76D14B7D81A} = {370455D5-6EA6-44C1-B315-B621F7B6A954}
		{A0F53761-DF0A-4D21-859C-7B7846E2B814} = {370455D5-6EA6-44C1-B315-B621F7B6A954}
		{020BCD01-A0FA-4A0C-A0EF-3908298D9CF6} = {370455D5-6EA6-44C1-B315-B621F7B6A954}
		{D135C491-2B45-49A1-B7CD-B41141475C7C} = {370455D5-6EA6-44C1-B315-B621F7B6A954}
		{6751D128-B522-4C1A-9B37-5271C0E6C263} = {370455D5-6EA6-44C1-B315-B621F7B6A954}
	EndGlobalSection
	GlobalSection(ExtensibilityGlobals) = postSolution
		SolutionGuid = {F2AD77A5-5B2D-41FC-AD37-8EF8A4E54410}
	EndGlobalSection
EndGlobal
